
Microsoft Visual Studio Solution File, Format Version 12.00
# Visual Studio Version 17
VisualStudioVersion = 17.5.33414.496
MinimumVisualStudioVersion = 10.0.40219.1
Project("{FAE04EC0-301F-11D3-BF4B-00C04F79EFBC}") = "WPFApp", "WPFApp.csproj", "{F7BE8EF5-546C-418C-A553-F0A165F3BE6F}"
EndProject
Global
	GlobalSection(SolutionConfigurationPlatforms) = preSolution
		Debug|Any CPU = Debug|Any CPU
		Release|Any CPU = Release|Any CPU
	EndGlobalSection
	GlobalSection(ProjectConfigurationPlatforms) = postSolution
		{F7BE8EF5-546C-418C-A553-F0A165F3BE6F}.Debug|Any CPU.ActiveCfg = Debug|Any CPU
		{F7BE8EF5-546C-418C-A553-F0A165F3BE6F}.Debug|Any CPU.Build.0 = Debug|Any CPU
		{F7BE8EF5-546C-418C-A553-F0A165F3BE6F}.Release|Any CPU.ActiveCfg = Release|Any CPU
		{F7BE8EF5-546C-418C-A553-F0A165F3BE6F}.Release|Any CPU.Build.0 = Release|Any CPU
	EndGlobalSection
	GlobalSection(SolutionProperties) = preSolution
		HideSolutionNode = FALSE
	EndGlobalSection
	GlobalSection(ExtensibilityGlobals) = postSolution
		SolutionGuid = {2B7FA5F5-72F8-48D8-8575-DFBEEAF08A99}
	EndGlobalSection
EndGlobal
